{
  "version": "4",
  "specifiers": {
    "jsr:@lambdalisue/async@^2.1.1": "2.1.1",
    "jsr:@milly/streams@1": "1.0.0",
    "jsr:@nick/dispose@^1.1.0": "1.1.0",
    "jsr:@std/assert@1.0.0-rc.2": "1.0.0-rc.2",
    "jsr:@std/assert@^1.0.1": "1.0.1",
    "jsr:@std/async@^1.0.1": "1.0.1",
    "jsr:@std/internal@1": "1.0.1",
    "jsr:@std/internal@^1.0.1": "1.0.1",
    "jsr:@std/streams@*": "1.0.0",
    "jsr:@std/testing@0.225.3": "0.225.3"
  },
  "jsr": {
    "@lambdalisue/async@2.1.1": {
      "integrity": "1fc9bc6f4ed50215cd2f7217842b18cea80f81c25744f88f8c5eb4be5a1c9ab4"
    },
    "@milly/streams@1.0.0": {
      "integrity": "7d9b4a56d7defa7b4a500ea6b5717480a647633be58efb21b80914e380c1f33e"
    },
    "@nick/dispose@1.1.0": {
      "integrity": "73a15b90cb48e1435801258ba3ac7a19382823349dedcacbb8e5b5b673ce9d17"
    },
    "@std/assert@1.0.0-rc.2": {
      "integrity": "0484eab1d76b55fca1c3beaff485a274e67dd3b9f065edcbe70030dfc0b964d3",
      "dependencies": [
        "jsr:@std/internal@1"
      ]
    },
    "@std/assert@1.0.1": {
      "integrity": "13590ef8e5854f59e4ad252fd987e83239a1bf1f16cb9c69c1d123ebb807a75b",
      "dependencies": [
        "jsr:@std/internal@^1.0.1"
      ]
    },
    "@std/async@1.0.1": {
      "integrity": "3c7f6324a8a1b47ca657e5a349b511c9a6c2c0729e9d66b223c9ecaac0753ecb"
    },
    "@std/internal@1.0.1": {
      "integrity": "6f8c7544d06a11dd256c8d6ba54b11ed870aac6c5aeafff499892662c57673e6"
    },
    "@std/streams@1.0.0": {
      "integrity": "350242b8fad9874ed45f3c42df3d132bd0a958f8a8bae9bbfa1ff039716aa6fb"
    },
    "@std/testing@0.225.3": {
      "integrity": "348c24d0479d44ab3dbb4f26170f242e19f24051b45935d4a9e7ca0ab7e37780",
      "dependencies": [
        "jsr:@std/assert@1.0.0-rc.2"
      ]
    }
  },
  "workspace": {
    "dependencies": [
      "jsr:@lambdalisue/async@^2.1.1",
      "jsr:@milly/streams@1",
      "jsr:@nick/dispose@^1.1.0",
      "jsr:@std/assert@^1.0.1",
      "jsr:@std/async@^1.0.1",
      "jsr:@std/streams@1",
      "jsr:@std/testing@0.225.3"
    ]
  }
}
